
Microsoft Visual Studio Solution File, Format Version 12.00
# Visual Studio 14
VisualStudioVersion = 14.0.24720.0
MinimumVisualStudioVersion = 10.0.40219.1
Project("{FAE04EC0-301F-11D3-BF4B-00C04F79EFBC}") = "Mntone.StatInk", "Mntone.StatInk\Mntone.StatInk.csproj", "{2B8FC9EB-2E58-4330-A1F4-11B242615A00}"
EndProject
Global
	GlobalSection(SolutionConfigurationPlatforms) = preSolution
		Debug|Any CPU = Debug|Any CPU
		Release|Any CPU = Release|Any CPU
	EndGlobalSection
	GlobalSection(ProjectConfigurationPlatforms) = postSolution
		{2B8FC9EB-2E58-4330-A1F4-11B242615A00}.Debug|Any CPU.ActiveCfg = Debug|Any CPU
		{2B8FC9EB-2E58-4330-A1F4-11B242615A00}.Debug|Any CPU.Build.0 = Debug|Any CPU
		{2B8FC9EB-2E58-4330-A1F4-11B242615A00}.Release|Any CPU.ActiveCfg = Release|Any CPU
		{2B8FC9EB-2E58-4330-A1F4-11B242615A00}.Release|Any CPU.Build.0 = Release|Any CPU
	EndGlobalSection
	GlobalSection(SolutionProperties) = preSolution
		HideSolutionNode = FALSE
	EndGlobalSection
EndGlobal
